// !$*UTF8*$!
{
	archiveVersion = 1;
	classes = {
	};
	objectVersion = 50;
	objects = {

/* Begin PBXBuildFile section */
		04F084CCF3B9549853549F87 /* Pods_TaskManagement.framework in Frameworks */ = {isa = PBXBuildFile; fileRef = FD1929EE62827A2EB8690ADE /* Pods_TaskManagement.framework */; };
		242AA6C821890F8100CE13C4 /* UserMyJobViewController.swift in Sources */ = {isa = PBXBuildFile; fileRef = 242AA6C721890F8100CE13C4 /* UserMyJobViewController.swift */; };
		242AA6CA2189104E00CE13C4 /* UserJobViewController.swift in Sources */ = {isa = PBXBuildFile; fileRef = 242AA6C92189104E00CE13C4 /* UserJobViewController.swift */; };
		88045F6D2188DC5B0072A42F /* GoogleService-Info.plist in Resources */ = {isa = PBXBuildFile; fileRef = 88045F6C2188DC5B0072A42F /* GoogleService-Info.plist */; };
		C24A80BE2187EEEA00AE5643 /* (null) in Sources */ = {isa = PBXBuildFile; };
		C24A80C02187F6E900AE5643 /* (null) in Resources */ = {isa = PBXBuildFile; };
		C24B8BD5215FD155009BB1A7 /* AppDelegate.swift in Sources */ = {isa = PBXBuildFile; fileRef = C24B8BD4215FD155009BB1A7 /* AppDelegate.swift */; };
		C24B8BD7215FD155009BB1A7 /* ViewController.swift in Sources */ = {isa = PBXBuildFile; fileRef = C24B8BD6215FD155009BB1A7 /* ViewController.swift */; };
		C24B8BDA215FD155009BB1A7 /* Main.storyboard in Resources */ = {isa = PBXBuildFile; fileRef = C24B8BD8215FD155009BB1A7 /* Main.storyboard */; };
		C24B8BDC215FD160009BB1A7 /* Assets.xcassets in Resources */ = {isa = PBXBuildFile; fileRef = C24B8BDB215FD160009BB1A7 /* Assets.xcassets */; };
		C24B8BDF215FD160009BB1A7 /* LaunchScreen.storyboard in Resources */ = {isa = PBXBuildFile; fileRef = C24B8BDD215FD160009BB1A7 /* LaunchScreen.storyboard */; };
		C24B8BE7215FD53C009BB1A7 /* RoundedButtons.swift in Sources */ = {isa = PBXBuildFile; fileRef = C24B8BE6215FD53C009BB1A7 /* RoundedButtons.swift */; };
		C24B8BED215FE2E9009BB1A7 /* SignUpViewController.swift in Sources */ = {isa = PBXBuildFile; fileRef = C24B8BEC215FE2E9009BB1A7 /* SignUpViewController.swift */; };
		C24B8BEF215FE305009BB1A7 /* AdminHomeViewController.swift in Sources */ = {isa = PBXBuildFile; fileRef = C24B8BEE215FE305009BB1A7 /* AdminHomeViewController.swift */; };
		C2F05ECC2187DBDB006B96DB /* AddUserViewController.swift in Sources */ = {isa = PBXBuildFile; fileRef = C2F05ECB2187DBDB006B96DB /* AddUserViewController.swift */; };
		C2F05ECE2187DBEF006B96DB /* AddTaskViewController.swift in Sources */ = {isa = PBXBuildFile; fileRef = C2F05ECD2187DBEF006B96DB /* AddTaskViewController.swift */; };
/* End PBXBuildFile section */

/* Begin PBXFileReference section */
		242AA6C721890F8100CE13C4 /* UserMyJobViewController.swift */ = {isa = PBXFileReference; lastKnownFileType = sourcecode.swift; path = UserMyJobViewController.swift; sourceTree = "<group>"; };
		242AA6C92189104E00CE13C4 /* UserJobViewController.swift */ = {isa = PBXFileReference; lastKnownFileType = sourcecode.swift; path = UserJobViewController.swift; sourceTree = "<group>"; };
		88045F6C2188DC5B0072A42F /* GoogleService-Info.plist */ = {isa = PBXFileReference; fileEncoding = 4; lastKnownFileType = text.plist.xml; name = "GoogleService-Info.plist"; path = "../../../Downloads/GoogleService-Info.plist"; sourceTree = "<group>"; };
		BB2AD55D7A0F16B553BFAA23 /* Pods-TaskManagement.debug.xcconfig */ = {isa = PBXFileReference; includeInIndex = 1; lastKnownFileType = text.xcconfig; name = "Pods-TaskManagement.debug.xcconfig"; path = "Pods/Target Support Files/Pods-TaskManagement/Pods-TaskManagement.debug.xcconfig"; sourceTree = "<group>"; };
		C24B8BD1215FD155009BB1A7 /* TaskManagement.app */ = {isa = PBXFileReference; explicitFileType = wrapper.application; includeInIndex = 0; path = TaskManagement.app; sourceTree = BUILT_PRODUCTS_DIR; };
		C24B8BD4215FD155009BB1A7 /* AppDelegate.swift */ = {isa = PBXFileReference; lastKnownFileType = sourcecode.swift; path = AppDelegate.swift; sourceTree = "<group>"; };
		C24B8BD6215FD155009BB1A7 /* ViewController.swift */ = {isa = PBXFileReference; lastKnownFileType = sourcecode.swift; path = ViewController.swift; sourceTree = "<group>"; };
		C24B8BD9215FD155009BB1A7 /* Base */ = {isa = PBXFileReference; lastKnownFileType = file.storyboard; name = Base; path = Base.lproj/Main.storyboard; sourceTree = "<group>"; };
		C24B8BDB215FD160009BB1A7 /* Assets.xcassets */ = {isa = PBXFileReference; lastKnownFileType = folder.assetcatalog; path = Assets.xcassets; sourceTree = "<group>"; };
		C24B8BDE215FD160009BB1A7 /* Base */ = {isa = PBXFileReference; lastKnownFileType = file.storyboard; name = Base; path = Base.lproj/LaunchScreen.storyboard; sourceTree = "<group>"; };
		C24B8BE0215FD160009BB1A7 /* Info.plist */ = {isa = PBXFileReference; lastKnownFileType = text.plist.xml; path = Info.plist; sourceTree = "<group>"; };
		C24B8BE6215FD53C009BB1A7 /* RoundedButtons.swift */ = {isa = PBXFileReference; lastKnownFileType = sourcecode.swift; path = RoundedButtons.swift; sourceTree = "<group>"; };
		C24B8BEC215FE2E9009BB1A7 /* SignUpViewController.swift */ = {isa = PBXFileReference; lastKnownFileType = sourcecode.swift; path = SignUpViewController.swift; sourceTree = "<group>"; };
		C24B8BEE215FE305009BB1A7 /* AdminHomeViewController.swift */ = {isa = PBXFileReference; lastKnownFileType = sourcecode.swift; path = AdminHomeViewController.swift; sourceTree = "<group>"; };
		C2F05ECB2187DBDB006B96DB /* AddUserViewController.swift */ = {isa = PBXFileReference; lastKnownFileType = sourcecode.swift; path = AddUserViewController.swift; sourceTree = "<group>"; };
		C2F05ECD2187DBEF006B96DB /* AddTaskViewController.swift */ = {isa = PBXFileReference; lastKnownFileType = sourcecode.swift; path = AddTaskViewController.swift; sourceTree = "<group>"; };
		C8FDE1E0A2BF6BE49BF9E922 /* Pods-TaskManagement.release.xcconfig */ = {isa = PBXFileReference; includeInIndex = 1; lastKnownFileType = text.xcconfig; name = "Pods-TaskManagement.release.xcconfig"; path = "Pods/Target Support Files/Pods-TaskManagement/Pods-TaskManagement.release.xcconfig"; sourceTree = "<group>"; };
		FD1929EE62827A2EB8690ADE /* Pods_TaskManagement.framework */ = {isa = PBXFileReference; explicitFileType = wrapper.framework; includeInIndex = 0; path = Pods_TaskManagement.framework; sourceTree = BUILT_PRODUCTS_DIR; };
/* End PBXFileReference section */

/* Begin PBXFrameworksBuildPhase section */
		C24B8BCE215FD155009BB1A7 /* Frameworks */ = {
			isa = PBXFrameworksBuildPhase;
			buildActionMask = 2147483647;
			files = (
				04F084CCF3B9549853549F87 /* Pods_TaskManagement.framework in Frameworks */,
			);
			runOnlyForDeploymentPostprocessing = 0;
		};
/* End PBXFrameworksBuildPhase section */

/* Begin PBXGroup section */
		4E28DC6043F5AF735EDA6819 /* Pods */ = {
			isa = PBXGroup;
			children = (
				BB2AD55D7A0F16B553BFAA23 /* Pods-TaskManagement.debug.xcconfig */,
				C8FDE1E0A2BF6BE49BF9E922 /* Pods-TaskManagement.release.xcconfig */,
			);
			name = Pods;
			sourceTree = "<group>";
		};
		C185EF23E7D48C3548F298BE /* Frameworks */ = {
			isa = PBXGroup;
			children = (
				FD1929EE62827A2EB8690ADE /* Pods_TaskManagement.framework */,
			);
			name = Frameworks;
			sourceTree = "<group>";
		};
		C24B8BC8215FD154009BB1A7 = {
			isa = PBXGroup;
			children = (
				C24B8BD3215FD155009BB1A7 /* TaskManagement */,
				C24B8BD2215FD155009BB1A7 /* Products */,
				4E28DC6043F5AF735EDA6819 /* Pods */,
				C185EF23E7D48C3548F298BE /* Frameworks */,
			);
			sourceTree = "<group>";
		};
		C24B8BD2215FD155009BB1A7 /* Products */ = {
			isa = PBXGroup;
			children = (
				C24B8BD1215FD155009BB1A7 /* TaskManagement.app */,
			);
			name = Products;
			sourceTree = "<group>";
		};
		C24B8BD3215FD155009BB1A7 /* TaskManagement */ = {
			isa = PBXGroup;
			children = (
				C24B8BF0215FF561009BB1A7 /* AdminCell */,
				C24B8BD4215FD155009BB1A7 /* AppDelegate.swift */,
				C2F05ECD2187DBEF006B96DB /* AddTaskViewController.swift */,
				C2F05ECB2187DBDB006B96DB /* AddUserViewController.swift */,
				C24B8BD6215FD155009BB1A7 /* ViewController.swift */,
				C24B8BEC215FE2E9009BB1A7 /* SignUpViewController.swift */,
				C24B8BEE215FE305009BB1A7 /* AdminHomeViewController.swift */,
				C24B8BD8215FD155009BB1A7 /* Main.storyboard */,
				C24B8BDB215FD160009BB1A7 /* Assets.xcassets */,
				C24B8BDD215FD160009BB1A7 /* LaunchScreen.storyboard */,
				C24B8BE0215FD160009BB1A7 /* Info.plist */,
				C24B8BE6215FD53C009BB1A7 /* RoundedButtons.swift */,
				88045F6C2188DC5B0072A42F /* GoogleService-Info.plist */,
				242AA6C721890F8100CE13C4 /* UserMyJobViewController.swift */,
				242AA6C92189104E00CE13C4 /* UserJobViewController.swift */,
			);
			path = TaskManagement;
			sourceTree = "<group>";
		};
		C24B8BF0215FF561009BB1A7 /* AdminCell */ = {
			isa = PBXGroup;
			children = (
			);
			path = AdminCell;
			sourceTree = "<group>";
		};
/* End PBXGroup section */

/* Begin PBXNativeTarget section */
		C24B8BD0215FD155009BB1A7 /* TaskManagement */ = {
			isa = PBXNativeTarget;
			buildConfigurationList = C24B8BE3215FD160009BB1A7 /* Build configuration list for PBXNativeTarget "TaskManagement" */;
			buildPhases = (
				6AD330C85985E962DE8004F7 /* [CP] Check Pods Manifest.lock */,
				C24B8BCD215FD155009BB1A7 /* Sources */,
				C24B8BCE215FD155009BB1A7 /* Frameworks */,
				C24B8BCF215FD155009BB1A7 /* Resources */,
				0F702991008B7B843CE6C788 /* [CP] Embed Pods Frameworks */,
			);
			buildRules = (
			);
			dependencies = (
			);
			name = TaskManagement;
			productName = TaskManagement;
			productReference = C24B8BD1215FD155009BB1A7 /* TaskManagement.app */;
			productType = "com.apple.product-type.application";
		};
/* End PBXNativeTarget section */

/* Begin PBXProject section */
		C24B8BC9215FD154009BB1A7 /* Project object */ = {
			isa = PBXProject;
			attributes = {
				LastSwiftUpdateCheck = 0940;
				LastUpgradeCheck = 0940;
				ORGANIZATIONNAME = Team1UHCosc4355;
				TargetAttributes = {
					C24B8BD0215FD155009BB1A7 = {
						CreatedOnToolsVersion = 9.4.1;
					};
				};
			};
			buildConfigurationList = C24B8BCC215FD154009BB1A7 /* Build configuration list for PBXProject "TaskManagement" */;
			compatibilityVersion = "Xcode 9.3";
			developmentRegion = en;
			hasScannedForEncodings = 0;
			knownRegions = (
				en,
				Base,
			);
			mainGroup = C24B8BC8215FD154009BB1A7;
			productRefGroup = C24B8BD2215FD155009BB1A7 /* Products */;
			projectDirPath = "";
			projectRoot = "";
			targets = (
				C24B8BD0215FD155009BB1A7 /* TaskManagement */,
			);
		};
/* End PBXProject section */

/* Begin PBXResourcesBuildPhase section */
		C24B8BCF215FD155009BB1A7 /* Resources */ = {
			isa = PBXResourcesBuildPhase;
			buildActionMask = 2147483647;
			files = (
				C24B8BDF215FD160009BB1A7 /* LaunchScreen.storyboard in Resources */,
				C24B8BDC215FD160009BB1A7 /* Assets.xcassets in Resources */,
				C24B8BDA215FD155009BB1A7 /* Main.storyboard in Resources */,
				C24A80C02187F6E900AE5643 /* (null) in Resources */,
				88045F6D2188DC5B0072A42F /* GoogleService-Info.plist in Resources */,
			);
			runOnlyForDeploymentPostprocessing = 0;
		};
/* End PBXResourcesBuildPhase section */

/* Begin PBXShellScriptBuildPhase section */
		0F702991008B7B843CE6C788 /* [CP] Embed Pods Frameworks */ = {
			isa = PBXShellScriptBuildPhase;
			buildActionMask = 2147483647;
			files = (
			);
			inputPaths = (
				"${SRCROOT}/Pods/Target Support Files/Pods-TaskManagement/Pods-TaskManagement-frameworks.sh",
				"${BUILT_PRODUCTS_DIR}/GoogleUtilities/GoogleUtilities.framework",
				"${BUILT_PRODUCTS_DIR}/leveldb-library/leveldb.framework",
				"${BUILT_PRODUCTS_DIR}/nanopb/nanopb.framework",
			);
			name = "[CP] Embed Pods Frameworks";
			outputPaths = (
				"${TARGET_BUILD_DIR}/${FRAMEWORKS_FOLDER_PATH}/GoogleUtilities.framework",
				"${TARGET_BUILD_DIR}/${FRAMEWORKS_FOLDER_PATH}/leveldb.framework",
				"${TARGET_BUILD_DIR}/${FRAMEWORKS_FOLDER_PATH}/nanopb.framework",
			);
			runOnlyForDeploymentPostprocessing = 0;
			shellPath = /bin/sh;
			shellScript = "\"${SRCROOT}/Pods/Target Support Files/Pods-TaskManagement/Pods-TaskManagement-frameworks.sh\"\n";
			showEnvVarsInLog = 0;
		};
		6AD330C85985E962DE8004F7 /* [CP] Check Pods Manifest.lock */ = {
			isa = PBXShellScriptBuildPhase;
			buildActionMask = 2147483647;
			files = (
			);
			inputPaths = (
				"${PODS_PODFILE_DIR_PATH}/Podfile.lock",
				"${PODS_ROOT}/Manifest.lock",
			);
			name = "[CP] Check Pods Manifest.lock";
			outputPaths = (
				"$(DERIVED_FILE_DIR)/Pods-TaskManagement-checkManifestLockResult.txt",
			);
			runOnlyForDeploymentPostprocessing = 0;
			shellPath = /bin/sh;
			shellScript = "diff \"${PODS_PODFILE_DIR_PATH}/Podfile.lock\" \"${PODS_ROOT}/Manifest.lock\" > /dev/null\nif [ $? != 0 ] ; then\n    # print error to STDERR\n    echo \"error: The sandbox is not in sync with the Podfile.lock. Run 'pod install' or update your CocoaPods installation.\" >&2\n    exit 1\nfi\n# This output is used by Xcode 'outputs' to avoid re-running this script phase.\necho \"SUCCESS\" > \"${SCRIPT_OUTPUT_FILE_0}\"\n";
			showEnvVarsInLog = 0;
		};
/* End PBXShellScriptBuildPhase section */

/* Begin PBXSourcesBuildPhase section */
		C24B8BCD215FD155009BB1A7 /* Sources */ = {
			isa = PBXSourcesBuildPhase;
			buildActionMask = 2147483647;
			files = (
				C2F05ECE2187DBEF006B96DB /* AddTaskViewController.swift in Sources */,
				C24B8BD7215FD155009BB1A7 /* ViewController.swift in Sources */,
				C24B8BE7215FD53C009BB1A7 /* RoundedButtons.swift in Sources */,
				242AA6C821890F8100CE13C4 /* UserMyJobViewController.swift in Sources */,
				C24B8BED215FE2E9009BB1A7 /* SignUpViewController.swift in Sources */,
				242AA6CA2189104E00CE13C4 /* UserJobViewController.swift in Sources */,
				C24A80BE2187EEEA00AE5643 /* (null) in Sources */,
				C2F05ECC2187DBDB006B96DB /* AddUserViewController.swift in Sources */,
				C24B8BD5215FD155009BB1A7 /* AppDelegate.swift in Sources */,
				C24B8BEF215FE305009BB1A7 /* AdminHomeViewController.swift in Sources */,
			);
			runOnlyForDeploymentPostprocessing = 0;
		};
/* End PBXSourcesBuildPhase section */

/* Begin PBXVariantGroup section */
		C24B8BD8215FD155009BB1A7 /* Main.storyboard */ = {
			isa = PBXVariantGroup;
			children = (
				C24B8BD9215FD155009BB1A7 /* Base */,
			);
			name = Main.storyboard;
			sourceTree = "<group>";
		};
		C24B8BDD215FD160009BB1A7 /* LaunchScreen.storyboard */ = {
			isa = PBXVariantGroup;
			children = (
				C24B8BDE215FD160009BB1A7 /* Base */,
			);
			name = LaunchScreen.storyboard;
			sourceTree = "<group>";
		};
/* End PBXVariantGroup section */

/* Begin XCBuildConfiguration section */
		C24B8BE1215FD160009BB1A7 /* Debug */ = {
			isa = XCBuildConfiguration;
			buildSettings = {
				ALWAYS_SEARCH_USER_PATHS = NO;
				CLANG_ANALYZER_NONNULL = YES;
				CLANG_ANALYZER_NUMBER_OBJECT_CONVERSION = YES_AGGRESSIVE;
				CLANG_CXX_LANGUAGE_STANDARD = "gnu++14";
				CLANG_CXX_LIBRARY = "libc++";
				CLANG_ENABLE_MODULES = YES;
				CLANG_ENABLE_OBJC_ARC = YES;
				CLANG_ENABLE_OBJC_WEAK = YES;
				CLANG_WARN_BLOCK_CAPTURE_AUTORELEASING = YES;
				CLANG_WARN_BOOL_CONVERSION = YES;
				CLANG_WARN_COMMA = YES;
				CLANG_WARN_CONSTANT_CONVERSION = YES;
				CLANG_WARN_DEPRECATED_OBJC_IMPLEMENTATIONS = YES;
				CLANG_WARN_DIRECT_OBJC_ISA_USAGE = YES_ERROR;
				CLANG_WARN_DOCUMENTATION_COMMENTS = YES;
				CLANG_WARN_EMPTY_BODY = YES;
				CLANG_WARN_ENUM_CONVERSION = YES;
				CLANG_WARN_INFINITE_RECURSION = YES;
				CLANG_WARN_INT_CONVERSION = YES;
				CLANG_WARN_NON_LITERAL_NULL_CONVERSION = YES;
				CLANG_WARN_OBJC_IMPLICIT_RETAIN_SELF = YES;
				CLANG_WARN_OBJC_LITERAL_CONVERSION = YES;
				CLANG_WARN_OBJC_ROOT_CLASS = YES_ERROR;
				CLANG_WARN_RANGE_LOOP_ANALYSIS = YES;
				CLANG_WARN_STRICT_PROTOTYPES = YES;
				CLANG_WARN_SUSPICIOUS_MOVE = YES;
				CLANG_WARN_UNGUARDED_AVAILABILITY = YES_AGGRESSIVE;
				CLANG_WARN_UNREACHABLE_CODE = YES;
				CLANG_WARN__DUPLICATE_METHOD_MATCH = YES;
				CODE_SIGN_IDENTITY = "iPhone Developer";
				COPY_PHASE_STRIP = NO;
				DEBUG_INFORMATION_FORMAT = dwarf;
				ENABLE_STRICT_OBJC_MSGSEND = YES;
				ENABLE_TESTABILITY = YES;
				GCC_C_LANGUAGE_STANDARD = gnu11;
				GCC_DYNAMIC_NO_PIC = NO;
				GCC_NO_COMMON_BLOCKS = YES;
				GCC_OPTIMIZATION_LEVEL = 0;
				GCC_PREPROCESSOR_DEFINITIONS = (
					"DEBUG=1",
					"$(inherited)",
				);
				GCC_WARN_64_TO_32_BIT_CONVERSION = YES;
				GCC_WARN_ABOUT_RETURN_TYPE = YES_ERROR;
				GCC_WARN_UNDECLARED_SELECTOR = YES;
				GCC_WARN_UNINITIALIZED_AUTOS = YES_AGGRESSIVE;
				GCC_WARN_UNUSED_FUNCTION = YES;
				GCC_WARN_UNUSED_VARIABLE = YES;
				IPHONEOS_DEPLOYMENT_TARGET = 11.4;
				MTL_ENABLE_DEBUG_INFO = YES;
				ONLY_ACTIVE_ARCH = YES;
				SDKROOT = iphoneos;
				SWIFT_ACTIVE_COMPILATION_CONDITIONS = DEBUG;
				SWIFT_OPTIMIZATION_LEVEL = "-Onone";
			};
			name = Debug;
		};
		C24B8BE2215FD160009BB1A7 /* Release */ = {
			isa = XCBuildConfiguration;
			buildSettings = {
				ALWAYS_SEARCH_USER_PATHS = NO;
				CLANG_ANALYZER_NONNULL = YES;
				CLANG_ANALYZER_NUMBER_OBJECT_CONVERSION = YES_AGGRESSIVE;
				CLANG_CXX_LANGUAGE_STANDARD = "gnu++14";
				CLANG_CXX_LIBRARY = "libc++";
				CLANG_ENABLE_MODULES = YES;
				CLANG_ENABLE_OBJC_ARC = YES;
				CLANG_ENABLE_OBJC_WEAK = YES;
				CLANG_WARN_BLOCK_CAPTURE_AUTORELEASING = YES;
				CLANG_WARN_BOOL_CONVERSION = YES;
				CLANG_WARN_COMMA = YES;
				CLANG_WARN_CONSTANT_CONVERSION = YES;
				CLANG_WARN_DEPRECATED_OBJC_IMPLEMENTATIONS = YES;
				CLANG_WARN_DIRECT_OBJC_ISA_USAGE = YES_ERROR;
				CLANG_WARN_DOCUMENTATION_COMMENTS = YES;
				CLANG_WARN_EMPTY_BODY = YES;
				CLANG_WARN_ENUM_CONVERSION = YES;
				CLANG_WARN_INFINITE_RECURSION = YES;
				CLANG_WARN_INT_CONVERSION = YES;
				CLANG_WARN_NON_LITERAL_NULL_CONVERSION = YES;
				CLANG_WARN_OBJC_IMPLICIT_RETAIN_SELF = YES;
				CLANG_WARN_OBJC_LITERAL_CONVERSION = YES;
				CLANG_WARN_OBJC_ROOT_CLASS = YES_ERROR;
				CLANG_WARN_RANGE_LOOP_ANALYSIS = YES;
				CLANG_WARN_STRICT_PROTOTYPES = YES;
				CLANG_WARN_SUSPICIOUS_MOVE = YES;
				CLANG_WARN_UNGUARDED_AVAILABILITY = YES_AGGRESSIVE;
				CLANG_WARN_UNREACHABLE_CODE = YES;
				CLANG_WARN__DUPLICATE_METHOD_MATCH = YES;
				CODE_SIGN_IDENTITY = "iPhone Developer";
				COPY_PHASE_STRIP = NO;
				DEBUG_INFORMATION_FORMAT = "dwarf-with-dsym";
				ENABLE_NS_ASSERTIONS = NO;
				ENABLE_STRICT_OBJC_MSGSEND = YES;
				GCC_C_LANGUAGE_STANDARD = gnu11;
				GCC_NO_COMMON_BLOCKS = YES;
				GCC_WARN_64_TO_32_BIT_CONVERSION = YES;
				GCC_WARN_ABOUT_RETURN_TYPE = YES_ERROR;
				GCC_WARN_UNDECLARED_SELECTOR = YES;
				GCC_WARN_UNINITIALIZED_AUTOS = YES_AGGRESSIVE;
				GCC_WARN_UNUSED_FUNCTION = YES;
				GCC_WARN_UNUSED_VARIABLE = YES;
				IPHONEOS_DEPLOYMENT_TARGET = 11.4;
				MTL_ENABLE_DEBUG_INFO = NO;
				SDKROOT = iphoneos;
				SWIFT_COMPILATION_MODE = wholemodule;
				SWIFT_OPTIMIZATION_LEVEL = "-O";
				VALIDATE_PRODUCT = YES;
			};
			name = Release;
		};
		C24B8BE4215FD160009BB1A7 /* Debug */ = {
			isa = XCBuildConfiguration;
			baseConfigurationReference = BB2AD55D7A0F16B553BFAA23 /* Pods-TaskManagement.debug.xcconfig */;
			buildSettings = {
				ASSETCATALOG_COMPILER_APPICON_NAME = AppIcon;
				CODE_SIGN_STYLE = Automatic;
				INFOPLIST_FILE = TaskManagement/Info.plist;
				LD_RUNPATH_SEARCH_PATHS = (
					"$(inherited)",
					"@executable_path/Frameworks",
				);
				PRODUCT_BUNDLE_IDENTIFIER = com.Team1.TaskManagement;
				PRODUCT_NAME = "$(TARGET_NAME)";
				SWIFT_VERSION = 4.0;
				TARGETED_DEVICE_FAMILY = "1,2";
			};
			name = Debug;
		};
		C24B8BE5215FD160009BB1A7 /* Release */ = {
			isa = XCBuildConfiguration;
			baseConfigurationReference = C8FDE1E0A2BF6BE49BF9E922 /* Pods-TaskManagement.release.xcconfig */;
			buildSettings = {
				ASSETCATALOG_COMPILER_APPICON_NAME = AppIcon;
				CODE_SIGN_STYLE = Automatic;
				INFOPLIST_FILE = TaskManagement/Info.plist;
				LD_RUNPATH_SEARCH_PATHS = (
					"$(inherited)",
					"@executable_path/Frameworks",
				);
				PRODUCT_BUNDLE_IDENTIFIER = com.Team1.TaskManagement;
				PRODUCT_NAME = "$(TARGET_NAME)";
				SWIFT_VERSION = 4.0;
				TARGETED_DEVICE_FAMILY = "1,2";
			};
			name = Release;
		};
/* End XCBuildConfiguration section */

/* Begin XCConfigurationList section */
		C24B8BCC215FD154009BB1A7 /* Build configuration list for PBXProject "TaskManagement" */ = {
			isa = XCConfigurationList;
			buildConfigurations = (
				C24B8BE1215FD160009BB1A7 /* Debug */,
				C24B8BE2215FD160009BB1A7 /* Release */,
			);
			defaultConfigurationIsVisible = 0;
			defaultConfigurationName = Release;
		};
		C24B8BE3215FD160009BB1A7 /* Build configuration list for PBXNativeTarget "TaskManagement" */ = {
			isa = XCConfigurationList;
			buildConfigurations = (
				C24B8BE4215FD160009BB1A7 /* Debug */,
				C24B8BE5215FD160009BB1A7 /* Release */,
			);
			defaultConfigurationIsVisible = 0;
			defaultConfigurationName = Release;
		};
/* End XCConfigurationList section */
	};
	rootObject = C24B8BC9215FD154009BB1A7 /* Project object */;
}
