// !$*UTF8*$!
{
	archiveVersion = 1;
	classes = {
	};
	objectVersion = 50;
	objects = {

/* Begin PBXBuildFile section */
		C24B8BD5215FD155009BB1A7 /* AppDelegate.swift in Sources */ = {isa = PBXBuildFile; fileRef = C24B8BD4215FD155009BB1A7 /* AppDelegate.swift */; };
		C24B8BD7215FD155009BB1A7 /* ViewController.swift in Sources */ = {isa = PBXBuildFile; fileRef = C24B8BD6215FD155009BB1A7 /* ViewController.swift */; };
		C24B8BDA215FD155009BB1A7 /* Main.storyboard in Resources */ = {isa = PBXBuildFile; fileRef = C24B8BD8215FD155009BB1A7 /* Main.storyboard */; };
		C24B8BDC215FD160009BB1A7 /* Assets.xcassets in Resources */ = {isa = PBXBuildFile; fileRef = C24B8BDB215FD160009BB1A7 /* Assets.xcassets */; };
		C24B8BDF215FD160009BB1A7 /* LaunchScreen.storyboard in Resources */ = {isa = PBXBuildFile; fileRef = C24B8BDD215FD160009BB1A7 /* LaunchScreen.storyboard */; };
		C24B8BE7215FD53C009BB1A7 /* RoundedButtons.swift in Sources */ = {isa = PBXBuildFile; fileRef = C24B8BE6215FD53C009BB1A7 /* RoundedButtons.swift */; };
		C24B8BED215FE2E9009BB1A7 /* SignUpViewController.swift in Sources */ = {isa = PBXBuildFile; fileRef = C24B8BEC215FE2E9009BB1A7 /* SignUpViewController.swift */; };
		C24B8BEF215FE305009BB1A7 /* AdminHomeViewController.swift in Sources */ = {isa = PBXBuildFile; fileRef = C24B8BEE215FE305009BB1A7 /* AdminHomeViewController.swift */; };
		C24B8BF3215FF5BB009BB1A7 /* CustomTableViewCell.swift in Sources */ = {isa = PBXBuildFile; fileRef = C24B8BF1215FF5BB009BB1A7 /* CustomTableViewCell.swift */; };
		C24B8BF4215FF5BC009BB1A7 /* CustomTableViewCell.xib in Resources */ = {isa = PBXBuildFile; fileRef = C24B8BF2215FF5BB009BB1A7 /* CustomTableViewCell.xib */; };
/* End PBXBuildFile section */

/* Begin PBXFileReference section */
		C24B8BD1215FD155009BB1A7 /* TaskManagement.app */ = {isa = PBXFileReference; explicitFileType = wrapper.application; includeInIndex = 0; path = TaskManagement.app; sourceTree = BUILT_PRODUCTS_DIR; };
		C24B8BD4215FD155009BB1A7 /* AppDelegate.swift */ = {isa = PBXFileReference; lastKnownFileType = sourcecode.swift; path = AppDelegate.swift; sourceTree = "<group>"; };
		C24B8BD6215FD155009BB1A7 /* ViewController.swift */ = {isa = PBXFileReference; lastKnownFileType = sourcecode.swift; path = ViewController.swift; sourceTree = "<group>"; };
		C24B8BD9215FD155009BB1A7 /* Base */ = {isa = PBXFileReference; lastKnownFileType = file.storyboard; name = Base; path = Base.lproj/Main.storyboard; sourceTree = "<group>"; };
		C24B8BDB215FD160009BB1A7 /* Assets.xcassets */ = {isa = PBXFileReference; lastKnownFileType = folder.assetcatalog; path = Assets.xcassets; sourceTree = "<group>"; };
		C24B8BDE215FD160009BB1A7 /* Base */ = {isa = PBXFileReference; lastKnownFileType = file.storyboard; name = Base; path = Base.lproj/LaunchScreen.storyboard; sourceTree = "<group>"; };
		C24B8BE0215FD160009BB1A7 /* Info.plist */ = {isa = PBXFileReference; lastKnownFileType = text.plist.xml; path = Info.plist; sourceTree = "<group>"; };
		C24B8BE6215FD53C009BB1A7 /* RoundedButtons.swift */ = {isa = PBXFileReference; lastKnownFileType = sourcecode.swift; path = RoundedButtons.swift; sourceTree = "<group>"; };
		C24B8BEC215FE2E9009BB1A7 /* SignUpViewController.swift */ = {isa = PBXFileReference; lastKnownFileType = sourcecode.swift; path = SignUpViewController.swift; sourceTree = "<group>"; };
		C24B8BEE215FE305009BB1A7 /* AdminHomeViewController.swift */ = {isa = PBXFileReference; lastKnownFileType = sourcecode.swift; path = AdminHomeViewController.swift; sourceTree = "<group>"; };
		C24B8BF1215FF5BB009BB1A7 /* CustomTableViewCell.swift */ = {isa = PBXFileReference; lastKnownFileType = sourcecode.swift; path = CustomTableViewCell.swift; sourceTree = "<group>"; };
		C24B8BF2215FF5BB009BB1A7 /* CustomTableViewCell.xib */ = {isa = PBXFileReference; lastKnownFileType = file.xib; path = CustomTableViewCell.xib; sourceTree = "<group>"; };
/* End PBXFileReference section */

/* Begin PBXFrameworksBuildPhase section */
		C24B8BCE215FD155009BB1A7 /* Frameworks */ = {
			isa = PBXFrameworksBuildPhase;
			buildActionMask = 2147483647;
			files = (
			);
			runOnlyForDeploymentPostprocessing = 0;
		};
/* End PBXFrameworksBuildPhase section */

/* Begin PBXGroup section */
		C24B8BC8215FD154009BB1A7 = {
			isa = PBXGroup;
			children = (
				C24B8BD3215FD155009BB1A7 /* TaskManagement */,
				C24B8BD2215FD155009BB1A7 /* Products */,
			);
			sourceTree = "<group>";
		};
		C24B8BD2215FD155009BB1A7 /* Products */ = {
			isa = PBXGroup;
			children = (
				C24B8BD1215FD155009BB1A7 /* TaskManagement.app */,
			);
			name = Products;
			sourceTree = "<group>";
		};
		C24B8BD3215FD155009BB1A7 /* TaskManagement */ = {
			isa = PBXGroup;
			children = (
				C24B8BF0215FF561009BB1A7 /* AdminCell */,
				C24B8BD4215FD155009BB1A7 /* AppDelegate.swift */,
				C24B8BD6215FD155009BB1A7 /* ViewController.swift */,
				C24B8BEC215FE2E9009BB1A7 /* SignUpViewController.swift */,
				C24B8BEE215FE305009BB1A7 /* AdminHomeViewController.swift */,
				C24B8BD8215FD155009BB1A7 /* Main.storyboard */,
				C24B8BDB215FD160009BB1A7 /* Assets.xcassets */,
				C24B8BDD215FD160009BB1A7 /* LaunchScreen.storyboard */,
				C24B8BE0215FD160009BB1A7 /* Info.plist */,
				C24B8BE6215FD53C009BB1A7 /* RoundedButtons.swift */,
			);
			path = TaskManagement;
			sourceTree = "<group>";
		};
		C24B8BF0215FF561009BB1A7 /* AdminCell */ = {
			isa = PBXGroup;
			children = (
				C24B8BF1215FF5BB009BB1A7 /* CustomTableViewCell.swift */,
				C24B8BF2215FF5BB009BB1A7 /* CustomTableViewCell.xib */,
			);
			path = AdminCell;
			sourceTree = "<group>";
		};
/* End PBXGroup section */

/* Begin PBXNativeTarget section */
		C24B8BD0215FD155009BB1A7 /* TaskManagement */ = {
			isa = PBXNativeTarget;
			buildConfigurationList = C24B8BE3215FD160009BB1A7 /* Build configuration list for PBXNativeTarget "TaskManagement" */;
			buildPhases = (
				C24B8BCD215FD155009BB1A7 /* Sources */,
				C24B8BCE215FD155009BB1A7 /* Frameworks */,
				C24B8BCF215FD155009BB1A7 /* Resources */,
			);
			buildRules = (
			);
			dependencies = (
			);
			name = TaskManagement;
			productName = TaskManagement;
			productReference = C24B8BD1215FD155009BB1A7 /* TaskManagement.app */;
			productType = "com.apple.product-type.application";
		};
/* End PBXNativeTarget section */

/* Begin PBXProject section */
		C24B8BC9215FD154009BB1A7 /* Project object */ = {
			isa = PBXProject;
			attributes = {
				LastSwiftUpdateCheck = 0940;
				LastUpgradeCheck = 0940;
				ORGANIZATIONNAME = Team1UHCosc4355;
				TargetAttributes = {
					C24B8BD0215FD155009BB1A7 = {
						CreatedOnToolsVersion = 9.4.1;
					};
				};
			};
			buildConfigurationList = C24B8BCC215FD154009BB1A7 /* Build configuration list for PBXProject "TaskManagement" */;
			compatibilityVersion = "Xcode 9.3";
			developmentRegion = en;
			hasScannedForEncodings = 0;
			knownRegions = (
				en,
				Base,
			);
			mainGroup = C24B8BC8215FD154009BB1A7;
			productRefGroup = C24B8BD2215FD155009BB1A7 /* Products */;
			projectDirPath = "";
			projectRoot = "";
			targets = (
				C24B8BD0215FD155009BB1A7 /* TaskManagement */,
			);
		};
/* End PBXProject section */

/* Begin PBXResourcesBuildPhase section */
		C24B8BCF215FD155009BB1A7 /* Resources */ = {
			isa = PBXResourcesBuildPhase;
			buildActionMask = 2147483647;
			files = (
				C24B8BDF215FD160009BB1A7 /* LaunchScreen.storyboard in Resources */,
				C24B8BDC215FD160009BB1A7 /* Assets.xcassets in Resources */,
				C24B8BF4215FF5BC009BB1A7 /* CustomTableViewCell.xib in Resources */,
				C24B8BDA215FD155009BB1A7 /* Main.storyboard in Resources */,
			);
			runOnlyForDeploymentPostprocessing = 0;
		};
/* End PBXResourcesBuildPhase section */

/* Begin PBXSourcesBuildPhase section */
		C24B8BCD215FD155009BB1A7 /* Sources */ = {
			isa = PBXSourcesBuildPhase;
			buildActionMask = 2147483647;
			files = (
				C24B8BF3215FF5BB009BB1A7 /* CustomTableViewCell.swift in Sources */,
				C24B8BD7215FD155009BB1A7 /* ViewController.swift in Sources */,
				C24B8BE7215FD53C009BB1A7 /* RoundedButtons.swift in Sources */,
				C24B8BED215FE2E9009BB1A7 /* SignUpViewController.swift in Sources */,
				C24B8BD5215FD155009BB1A7 /* AppDelegate.swift in Sources */,
				C24B8BEF215FE305009BB1A7 /* AdminHomeViewController.swift in Sources */,
			);
			runOnlyForDeploymentPostprocessing = 0;
		};
/* End PBXSourcesBuildPhase section */

/* Begin PBXVariantGroup section */
		C24B8BD8215FD155009BB1A7 /* Main.storyboard */ = {
			isa = PBXVariantGroup;
			children = (
				C24B8BD9215FD155009BB1A7 /* Base */,
			);
			name = Main.storyboard;
			sourceTree = "<group>";
		};
		C24B8BDD215FD160009BB1A7 /* LaunchScreen.storyboard */ = {
			isa = PBXVariantGroup;
			children = (
				C24B8BDE215FD160009BB1A7 /* Base */,
			);
			name = LaunchScreen.storyboard;
			sourceTree = "<group>";
		};
/* End PBXVariantGroup section */

/* Begin XCBuildConfiguration section */
		C24B8BE1215FD160009BB1A7 /* Debug */ = {
			isa = XCBuildConfiguration;
			buildSettings = {
				ALWAYS_SEARCH_USER_PATHS = NO;
				CLANG_ANALYZER_NONNULL = YES;
				CLANG_ANALYZER_NUMBER_OBJECT_CONVERSION = YES_AGGRESSIVE;
				CLANG_CXX_LANGUAGE_STANDARD = "gnu++14";
				CLANG_CXX_LIBRARY = "libc++";
				CLANG_ENABLE_MODULES = YES;
				CLANG_ENABLE_OBJC_ARC = YES;
				CLANG_ENABLE_OBJC_WEAK = YES;
				CLANG_WARN_BLOCK_CAPTURE_AUTORELEASING = YES;
				CLANG_WARN_BOOL_CONVERSION = YES;
				CLANG_WARN_COMMA = YES;
				CLANG_WARN_CONSTANT_CONVERSION = YES;
				CLANG_WARN_DEPRECATED_OBJC_IMPLEMENTATIONS = YES;
				CLANG_WARN_DIRECT_OBJC_ISA_USAGE = YES_ERROR;
				CLANG_WARN_DOCUMENTATION_COMMENTS = YES;
				CLANG_WARN_EMPTY_BODY = YES;
				CLANG_WARN_ENUM_CONVERSION = YES;
				CLANG_WARN_INFINITE_RECURSION = YES;
				CLANG_WARN_INT_CONVERSION = YES;
				CLANG_WARN_NON_LITERAL_NULL_CONVERSION = YES;
				CLANG_WARN_OBJC_IMPLICIT_RETAIN_SELF = YES;
				CLANG_WARN_OBJC_LITERAL_CONVERSION = YES;
				CLANG_WARN_OBJC_ROOT_CLASS = YES_ERROR;
				CLANG_WARN_RANGE_LOOP_ANALYSIS = YES;
				CLANG_WARN_STRICT_PROTOTYPES = YES;
				CLANG_WARN_SUSPICIOUS_MOVE = YES;
				CLANG_WARN_UNGUARDED_AVAILABILITY = YES_AGGRESSIVE;
				CLANG_WARN_UNREACHABLE_CODE = YES;
				CLANG_WARN__DUPLICATE_METHOD_MATCH = YES;
				CODE_SIGN_IDENTITY = "iPhone Developer";
				COPY_PHASE_STRIP = NO;
				DEBUG_INFORMATION_FORMAT = dwarf;
				ENABLE_STRICT_OBJC_MSGSEND = YES;
				ENABLE_TESTABILITY = YES;
				GCC_C_LANGUAGE_STANDARD = gnu11;
				GCC_DYNAMIC_NO_PIC = NO;
				GCC_NO_COMMON_BLOCKS = YES;
				GCC_OPTIMIZATION_LEVEL = 0;
				GCC_PREPROCESSOR_DEFINITIONS = (
					"DEBUG=1",
					"$(inherited)",
				);
				GCC_WARN_64_TO_32_BIT_CONVERSION = YES;
				GCC_WARN_ABOUT_RETURN_TYPE = YES_ERROR;
				GCC_WARN_UNDECLARED_SELECTOR = YES;
				GCC_WARN_UNINITIALIZED_AUTOS = YES_AGGRESSIVE;
				GCC_WARN_UNUSED_FUNCTION = YES;
				GCC_WARN_UNUSED_VARIABLE = YES;
				IPHONEOS_DEPLOYMENT_TARGET = 11.4;
				MTL_ENABLE_DEBUG_INFO = YES;
				ONLY_ACTIVE_ARCH = YES;
				SDKROOT = iphoneos;
				SWIFT_ACTIVE_COMPILATION_CONDITIONS = DEBUG;
				SWIFT_OPTIMIZATION_LEVEL = "-Onone";
			};
			name = Debug;
		};
		C24B8BE2215FD160009BB1A7 /* Release */ = {
			isa = XCBuildConfiguration;
			buildSettings = {
				ALWAYS_SEARCH_USER_PATHS = NO;
				CLANG_ANALYZER_NONNULL = YES;
				CLANG_ANALYZER_NUMBER_OBJECT_CONVERSION = YES_AGGRESSIVE;
				CLANG_CXX_LANGUAGE_STANDARD = "gnu++14";
				CLANG_CXX_LIBRARY = "libc++";
				CLANG_ENABLE_MODULES = YES;
				CLANG_ENABLE_OBJC_ARC = YES;
				CLANG_ENABLE_OBJC_WEAK = YES;
				CLANG_WARN_BLOCK_CAPTURE_AUTORELEASING = YES;
				CLANG_WARN_BOOL_CONVERSION = YES;
				CLANG_WARN_COMMA = YES;
				CLANG_WARN_CONSTANT_CONVERSION = YES;
				CLANG_WARN_DEPRECATED_OBJC_IMPLEMENTATIONS = YES;
				CLANG_WARN_DIRECT_OBJC_ISA_USAGE = YES_ERROR;
				CLANG_WARN_DOCUMENTATION_COMMENTS = YES;
				CLANG_WARN_EMPTY_BODY = YES;
				CLANG_WARN_ENUM_CONVERSION = YES;
				CLANG_WARN_INFINITE_RECURSION = YES;
				CLANG_WARN_INT_CONVERSION = YES;
				CLANG_WARN_NON_LITERAL_NULL_CONVERSION = YES;
				CLANG_WARN_OBJC_IMPLICIT_RETAIN_SELF = YES;
				CLANG_WARN_OBJC_LITERAL_CONVERSION = YES;
				CLANG_WARN_OBJC_ROOT_CLASS = YES_ERROR;
				CLANG_WARN_RANGE_LOOP_ANALYSIS = YES;
				CLANG_WARN_STRICT_PROTOTYPES = YES;
				CLANG_WARN_SUSPICIOUS_MOVE = YES;
				CLANG_WARN_UNGUARDED_AVAILABILITY = YES_AGGRESSIVE;
				CLANG_WARN_UNREACHABLE_CODE = YES;
				CLANG_WARN__DUPLICATE_METHOD_MATCH = YES;
				CODE_SIGN_IDENTITY = "iPhone Developer";
				COPY_PHASE_STRIP = NO;
				DEBUG_INFORMATION_FORMAT = "dwarf-with-dsym";
				ENABLE_NS_ASSERTIONS = NO;
				ENABLE_STRICT_OBJC_MSGSEND = YES;
				GCC_C_LANGUAGE_STANDARD = gnu11;
				GCC_NO_COMMON_BLOCKS = YES;
				GCC_WARN_64_TO_32_BIT_CONVERSION = YES;
				GCC_WARN_ABOUT_RETURN_TYPE = YES_ERROR;
				GCC_WARN_UNDECLARED_SELECTOR = YES;
				GCC_WARN_UNINITIALIZED_AUTOS = YES_AGGRESSIVE;
				GCC_WARN_UNUSED_FUNCTION = YES;
				GCC_WARN_UNUSED_VARIABLE = YES;
				IPHONEOS_DEPLOYMENT_TARGET = 11.4;
				MTL_ENABLE_DEBUG_INFO = NO;
				SDKROOT = iphoneos;
				SWIFT_COMPILATION_MODE = wholemodule;
				SWIFT_OPTIMIZATION_LEVEL = "-O";
				VALIDATE_PRODUCT = YES;
			};
			name = Release;
		};
		C24B8BE4215FD160009BB1A7 /* Debug */ = {
			isa = XCBuildConfiguration;
			buildSettings = {
				ASSETCATALOG_COMPILER_APPICON_NAME = AppIcon;
				CODE_SIGN_STYLE = Automatic;
				INFOPLIST_FILE = TaskManagement/Info.plist;
				LD_RUNPATH_SEARCH_PATHS = (
					"$(inherited)",
					"@executable_path/Frameworks",
				);
				PRODUCT_BUNDLE_IDENTIFIER = com.Team1.TaskManagement;
				PRODUCT_NAME = "$(TARGET_NAME)";
				SWIFT_VERSION = 4.0;
				TARGETED_DEVICE_FAMILY = "1,2";
			};
			name = Debug;
		};
		C24B8BE5215FD160009BB1A7 /* Release */ = {
			isa = XCBuildConfiguration;
			buildSettings = {
				ASSETCATALOG_COMPILER_APPICON_NAME = AppIcon;
				CODE_SIGN_STYLE = Automatic;
				INFOPLIST_FILE = TaskManagement/Info.plist;
				LD_RUNPATH_SEARCH_PATHS = (
					"$(inherited)",
					"@executable_path/Frameworks",
				);
				PRODUCT_BUNDLE_IDENTIFIER = com.Team1.TaskManagement;
				PRODUCT_NAME = "$(TARGET_NAME)";
				SWIFT_VERSION = 4.0;
				TARGETED_DEVICE_FAMILY = "1,2";
			};
			name = Release;
		};
/* End XCBuildConfiguration section */

/* Begin XCConfigurationList section */
		C24B8BCC215FD154009BB1A7 /* Build configuration list for PBXProject "TaskManagement" */ = {
			isa = XCConfigurationList;
			buildConfigurations = (
				C24B8BE1215FD160009BB1A7 /* Debug */,
				C24B8BE2215FD160009BB1A7 /* Release */,
			);
			defaultConfigurationIsVisible = 0;
			defaultConfigurationName = Release;
		};
		C24B8BE3215FD160009BB1A7 /* Build configuration list for PBXNativeTarget "TaskManagement" */ = {
			isa = XCConfigurationList;
			buildConfigurations = (
				C24B8BE4215FD160009BB1A7 /* Debug */,
				C24B8BE5215FD160009BB1A7 /* Release */,
			);
			defaultConfigurationIsVisible = 0;
			defaultConfigurationName = Release;
		};
/* End XCConfigurationList section */
	};
	rootObject = C24B8BC9215FD154009BB1A7 /* Project object */;
}
